version = 1
revision = 2
requires-python = ">=3.10"

[manifest]
members = [
    "python-dibs",
    "type-fundamentals",
]

[[package]]
name = "python-dibs"
version = "0.1.0"
source = { virtual = "." }

[package.dev-dependencies]
dev = [
    { name = "ruff" },
    { name = "ty" },
]

[package.metadata]

[package.metadata.requires-dev]
dev = [
    { name = "ruff", specifier = ">=0.11.12" },
    { name = "ty", specifier = ">=0.0.1a7" },
]

[[package]]
name = "ruff"
version = "0.11.12"
source = { registry = "https://pypi.org/simple" }
sdist = { url = "https://files.pythonhosted.org/packages/15/0a/92416b159ec00cdf11e5882a9d80d29bf84bba3dbebc51c4898bfbca1da6/ruff-0.11.12.tar.gz", hash = "sha256:43cf7f69c7d7c7d7513b9d59c5d8cafd704e05944f978614aa9faff6ac202603", size = 4202289, upload_time = "2025-05-29T13:31:40.037Z" }
wheels = [
    { url = "https://files.pythonhosted.org/packages/60/cc/53eb79f012d15e136d40a8e8fc519ba8f55a057f60b29c2df34efd47c6e3/ruff-0.11.12-py3-none-linux_armv6l.whl", hash = "sha256:c7680aa2f0d4c4f43353d1e72123955c7a2159b8646cd43402de6d4a3a25d7cc", size = 10285597, upload_time = "2025-05-29T13:30:57.539Z" },
    { url = "https://files.pythonhosted.org/packages/e7/d7/73386e9fb0232b015a23f62fea7503f96e29c29e6c45461d4a73bac74df9/ruff-0.11.12-py3-none-macosx_10_12_x86_64.whl", hash = "sha256:2cad64843da9f134565c20bcc430642de897b8ea02e2e79e6e02a76b8dcad7c3", size = 11053154, upload_time = "2025-05-29T13:31:00.865Z" },
    { url = "https://files.pythonhosted.org/packages/4e/eb/3eae144c5114e92deb65a0cb2c72326c8469e14991e9bc3ec0349da1331c/ruff-0.11.12-py3-none-macosx_11_0_arm64.whl", hash = "sha256:9b6886b524a1c659cee1758140138455d3c029783d1b9e643f3624a5ee0cb0aa", size = 10403048, upload_time = "2025-05-29T13:31:03.413Z" },
    { url = "https://files.pythonhosted.org/packages/29/64/20c54b20e58b1058db6689e94731f2a22e9f7abab74e1a758dfba058b6ca/ruff-0.11.12-py3-none-manylinux_2_17_aarch64.manylinux2014_aarch64.whl", hash = "sha256:3cc3a3690aad6e86c1958d3ec3c38c4594b6ecec75c1f531e84160bd827b2012", size = 10597062, upload_time = "2025-05-29T13:31:05.539Z" },
    { url = "https://files.pythonhosted.org/packages/29/3a/79fa6a9a39422a400564ca7233a689a151f1039110f0bbbabcb38106883a/ruff-0.11.12-py3-none-manylinux_2_17_armv7l.manylinux2014_armv7l.whl", hash = "sha256:f97fdbc2549f456c65b3b0048560d44ddd540db1f27c778a938371424b49fe4a", size = 10155152, upload_time = "2025-05-29T13:31:07.986Z" },
    { url = "https://files.pythonhosted.org/packages/e5/a4/22c2c97b2340aa968af3a39bc38045e78d36abd4ed3fa2bde91c31e712e3/ruff-0.11.12-py3-none-manylinux_2_17_i686.manylinux2014_i686.whl", hash = "sha256:74adf84960236961090e2d1348c1a67d940fd12e811a33fb3d107df61eef8fc7", size = 11723067, upload_time = "2025-05-29T13:31:10.57Z" },
    { url = "https://files.pythonhosted.org/packages/bc/cf/3e452fbd9597bcd8058856ecd42b22751749d07935793a1856d988154151/ruff-0.11.12-py3-none-manylinux_2_17_ppc64.manylinux2014_ppc64.whl", hash = "sha256:b56697e5b8bcf1d61293ccfe63873aba08fdbcbbba839fc046ec5926bdb25a3a", size = 12460807, upload_time = "2025-05-29T13:31:12.88Z" },
    { url = "https://files.pythonhosted.org/packages/2f/ec/8f170381a15e1eb7d93cb4feef8d17334d5a1eb33fee273aee5d1f8241a3/ruff-0.11.12-py3-none-manylinux_2_17_ppc64le.manylinux2014_ppc64le.whl", hash = "sha256:4d47afa45e7b0eaf5e5969c6b39cbd108be83910b5c74626247e366fd7a36a13", size = 12063261, upload_time = "2025-05-29T13:31:15.236Z" },
    { url = "https://files.pythonhosted.org/packages/0d/bf/57208f8c0a8153a14652a85f4116c0002148e83770d7a41f2e90b52d2b4e/ruff-0.11.12-py3-none-manylinux_2_17_s390x.manylinux2014_s390x.whl", hash = "sha256:692bf9603fe1bf949de8b09a2da896f05c01ed7a187f4a386cdba6760e7f61be", size = 11329601, upload_time = "2025-05-29T13:31:18.68Z" },
    { url = "https://files.pythonhosted.org/packages/c3/56/edf942f7fdac5888094d9ffa303f12096f1a93eb46570bcf5f14c0c70880/ruff-0.11.12-py3-none-manylinux_2_17_x86_64.manylinux2014_x86_64.whl", hash = "sha256:08033320e979df3b20dba567c62f69c45e01df708b0f9c83912d7abd3e0801cd", size = 11522186, upload_time = "2025-05-29T13:31:21.216Z" },
    { url = "https://files.pythonhosted.org/packages/ed/63/79ffef65246911ed7e2290aeece48739d9603b3a35f9529fec0fc6c26400/ruff-0.11.12-py3-none-musllinux_1_2_aarch64.whl", hash = "sha256:929b7706584f5bfd61d67d5070f399057d07c70585fa8c4491d78ada452d3bef", size = 10449032, upload_time = "2025-05-29T13:31:23.417Z" },
    { url = "https://files.pythonhosted.org/packages/88/19/8c9d4d8a1c2a3f5a1ea45a64b42593d50e28b8e038f1aafd65d6b43647f3/ruff-0.11.12-py3-none-musllinux_1_2_armv7l.whl", hash = "sha256:7de4a73205dc5756b8e09ee3ed67c38312dce1aa28972b93150f5751199981b5", size = 10129370, upload_time = "2025-05-29T13:31:25.777Z" },
    { url = "https://files.pythonhosted.org/packages/bc/0f/2d15533eaa18f460530a857e1778900cd867ded67f16c85723569d54e410/ruff-0.11.12-py3-none-musllinux_1_2_i686.whl", hash = "sha256:2635c2a90ac1b8ca9e93b70af59dfd1dd2026a40e2d6eebaa3efb0465dd9cf02", size = 11123529, upload_time = "2025-05-29T13:31:28.396Z" },
    { url = "https://files.pythonhosted.org/packages/4f/e2/4c2ac669534bdded835356813f48ea33cfb3a947dc47f270038364587088/ruff-0.11.12-py3-none-musllinux_1_2_x86_64.whl", hash = "sha256:d05d6a78a89166f03f03a198ecc9d18779076ad0eec476819467acb401028c0c", size = 11577642, upload_time = "2025-05-29T13:31:30.647Z" },
    { url = "https://files.pythonhosted.org/packages/a7/9b/c9ddf7f924d5617a1c94a93ba595f4b24cb5bc50e98b94433ab3f7ad27e5/ruff-0.11.12-py3-none-win32.whl", hash = "sha256:f5a07f49767c4be4772d161bfc049c1f242db0cfe1bd976e0f0886732a4765d6", size = 10475511, upload_time = "2025-05-29T13:31:32.917Z" },
    { url = "https://files.pythonhosted.org/packages/fd/d6/74fb6d3470c1aada019ffff33c0f9210af746cca0a4de19a1f10ce54968a/ruff-0.11.12-py3-none-win_amd64.whl", hash = "sha256:5a4d9f8030d8c3a45df201d7fb3ed38d0219bccd7955268e863ee4a115fa0832", size = 11523573, upload_time = "2025-05-29T13:31:35.782Z" },
    { url = "https://files.pythonhosted.org/packages/44/42/d58086ec20f52d2b0140752ae54b355ea2be2ed46f914231136dd1effcc7/ruff-0.11.12-py3-none-win_arm64.whl", hash = "sha256:65194e37853158d368e333ba282217941029a28ea90913c67e558c611d04daa5", size = 10697770, upload_time = "2025-05-29T13:31:38.009Z" },
]

[[package]]
name = "ty"
version = "0.0.1a7"
source = { registry = "https://pypi.org/simple" }
sdist = { url = "https://files.pythonhosted.org/packages/c4/c1/7d47b8b385bc5b43e3b3ec33305643b01e7e5dc061d9a9a2921d100d5ce5/ty-0.0.1a7.tar.gz", hash = "sha256:826945b5259d36276b5ac743d9ce660a97488fc87f9fe9679f9bf7084521c01f", size = 2909489, upload_time = "2025-05-26T18:52:23.927Z" }
wheels = [
    { url = "https://files.pythonhosted.org/packages/e2/50/e8946b957e0317674fff40470e3b4bf57ff5bf37359e75ac3e0f17c89870/ty-0.0.1a7-py3-none-linux_armv6l.whl", hash = "sha256:f9d825914fa6cfe124b1c9c104cd2f69b186919a4fc41d1b04caaf84f9c805b7", size = 6209330, upload_time = "2025-05-26T18:51:50.318Z" },
    { url = "https://files.pythonhosted.org/packages/b3/23/f95ecc00e714ab24ff3db1c4b97e2a40a3512db6b08be12efe2974b92951/ty-0.0.1a7-py3-none-macosx_10_12_x86_64.whl", hash = "sha256:7f72619d6a1c2fd643d58f134fb490182a215307d58cf78ad6b119bace16bf31", size = 6328658, upload_time = "2025-05-26T18:51:52.147Z" },
    { url = "https://files.pythonhosted.org/packages/f1/5c/2197b709ae6157820f2285a304a75577f406768fdc9ed2c609895c0762e1/ty-0.0.1a7-py3-none-macosx_11_0_arm64.whl", hash = "sha256:5802e366963b1d39425cdb4a9246ad66cf9400b1eefa9250c45461bcf8606eb0", size = 5993507, upload_time = "2025-05-26T18:51:53.623Z" },
    { url = "https://files.pythonhosted.org/packages/a2/c4/e8c2aba56a00d387d95b1acffaa2bc1d68044530d98cf705da743efa349a/ty-0.0.1a7-py3-none-manylinux_2_17_aarch64.manylinux2014_aarch64.whl", hash = "sha256:b19954624f6f8c6981ed082a7ce6050ea1842cc3c3fb232cbc38b4148e83d740", size = 6123469, upload_time = "2025-05-26T18:51:55.514Z" },
    { url = "https://files.pythonhosted.org/packages/08/cc/31daab25e93ca9341d69c6171d2190e69057f2c809e03c4034ee02798664/ty-0.0.1a7-py3-none-manylinux_2_17_armv7l.manylinux2014_armv7l.whl", hash = "sha256:15798a8feb68401cc323083a54680d8af1a5988578258c2eba33859351eb5c50", size = 6093963, upload_time = "2025-05-26T18:51:57.037Z" },
    { url = "https://files.pythonhosted.org/packages/cd/33/766c73bde1125aa454c2f0c6f9f29ae058fc74d44c6b1322dd2d71da9bb3/ty-0.0.1a7-py3-none-manylinux_2_17_i686.manylinux2014_i686.whl", hash = "sha256:38674b4c216bce14df142069e9eff093ad6adc474c96cc2313f80965e1d71d0c", size = 6787657, upload_time = "2025-05-26T18:51:58.584Z" },
    { url = "https://files.pythonhosted.org/packages/1f/e2/67b379bc8f55b20e791807e9f867268fe1b4e632b1a01c3b0971bf913479/ty-0.0.1a7-py3-none-manylinux_2_17_ppc64.manylinux2014_ppc64.whl", hash = "sha256:4711bad6e84170580d264ae8f31f00faab6e45dc38ddebbfeb5b82338488c84b", size = 7214322, upload_time = "2025-05-26T18:52:00.584Z" },
    { url = "https://files.pythonhosted.org/packages/0c/49/aaf090c5c066c63ea68dbf8342606eea4e443e05a0cda1fdf04296733dda/ty-0.0.1a7-py3-none-manylinux_2_17_ppc64le.manylinux2014_ppc64le.whl", hash = "sha256:1805fd176c623e2c5beddc43fc5b357b653673a4a29bf0b30fd1d1e399ce8c0d", size = 6892732, upload_time = "2025-05-26T18:52:02.664Z" },
    { url = "https://files.pythonhosted.org/packages/6c/5e/1b9b522e12c2ac08a7ff3de49313860c390009a93bca094e45b996ecce8c/ty-0.0.1a7-py3-none-manylinux_2_17_s390x.manylinux2014_s390x.whl", hash = "sha256:86ef9b9a42d3ad386b7d585e3b3f22b506d550407a35e424dadb24c60630de8e", size = 6781645, upload_time = "2025-05-26T18:52:04.207Z" },
    { url = "https://files.pythonhosted.org/packages/46/f1/d6f2d3ffcbce96a1bc6aaacd79f23c478e0b86d4f16d85b35c90ceed48ed/ty-0.0.1a7-py3-none-manylinux_2_17_x86_64.manylinux2014_x86_64.whl", hash = "sha256:6239ae28d34796ce54b8ffa9c971399170d41039bc7a692b9ccc1ca43210b25d", size = 6605269, upload_time = "2025-05-26T18:52:06.145Z" },
    { url = "https://files.pythonhosted.org/packages/35/a0/6ff5247b8c316ac1d63be0922549b17dcaccecc22b23c37db281aaef8adb/ty-0.0.1a7-py3-none-musllinux_1_2_aarch64.whl", hash = "sha256:2e0ba8a1187e413c7e536a5dadd340a4cd273b2ac3bbe3a2c76dbcbc5c28acfb", size = 6046599, upload_time = "2025-05-26T18:52:07.634Z" },
    { url = "https://files.pythonhosted.org/packages/e7/a6/5a196598c0a25fb4b8705ed09baf8adf60221f39544b1941084b0580368c/ty-0.0.1a7-py3-none-musllinux_1_2_armv7l.whl", hash = "sha256:acf6a8aa797a1578d74b453190076f07192a1e5ca72cfe42b1b63a2904a1ecd4", size = 6115961, upload_time = "2025-05-26T18:52:09.638Z" },
    { url = "https://files.pythonhosted.org/packages/ca/02/5f74d8dd9f6367419393fc55fbb2929a183a582ac1e82df1dd021c30700a/ty-0.0.1a7-py3-none-musllinux_1_2_i686.whl", hash = "sha256:069a89f2a51c2ee8797c6ce0d7d16ced0045bcc558ad335948fa6d2787c10292", size = 6492053, upload_time = "2025-05-26T18:52:11.19Z" },
    { url = "https://files.pythonhosted.org/packages/77/34/1c31eebe1c54a33802b1b4ba485805f0d04e42fab6ac97a68b63c9e1febd/ty-0.0.1a7-py3-none-musllinux_1_2_x86_64.whl", hash = "sha256:b406a7f83757e027937a1b6b2fa02e53ba8ce587cbb37fb527a508251a3ce9f0", size = 6665996, upload_time = "2025-05-26T18:52:12.936Z" },
    { url = "https://files.pythonhosted.org/packages/61/36/cf0075f7de2bd3c9821ac54b749c91f5f3f181326cdab88a8c6a095340a8/ty-0.0.1a7-py3-none-win32.whl", hash = "sha256:02f9e82bc3180ca6d72cca780ac5909b97753cfb1d4abfb0e6fd8cf2190dd2c5", size = 5924237, upload_time = "2025-05-26T18:52:15.989Z" },
    { url = "https://files.pythonhosted.org/packages/2c/49/02aec0611f6967087d562a87ffc218b8f9c8c9bba205a67a24d142e8c9e0/ty-0.0.1a7-py3-none-win_amd64.whl", hash = "sha256:b6cea4d80b4cbdfa21c04b4e2bcbe964dcd781462165d3c06b84781b046a163f", size = 6407997, upload_time = "2025-05-26T18:52:19.018Z" },
    { url = "https://files.pythonhosted.org/packages/4a/94/e048fd4d5bd3f9518dcbc07e83b06a286512db310df17262af8adc32a29d/ty-0.0.1a7-py3-none-win_arm64.whl", hash = "sha256:b5a40b77f91bf86d4a2d6740e2ba1b09ae70e94d152074a7a6bc80aafe83bb06", size = 6061856, upload_time = "2025-05-26T18:52:21.786Z" },
]

[[package]]
name = "type-fundamentals"
version = "0.1.0"
source = { virtual = "type-fundamentals" }
